{
  "name": "xendit-components-demos",
  "version": "1.0.0",
  "lockfileVersion": 3,
  "requires": true,
  "packages": {
    "": {
      "name": "xendit-components-demos",
      "version": "1.0.0",
      "license": "ISC",
      "dependencies": {
        "@types/jquery": "^3.5.33",
        "@types/react": "^19.1.1",
        "@types/react-dom": "^19.1.1",
        "jquery": "^3.7.1",
        "react": "^19.1.1",
        "react-dom": "^19.1.1",
        "xendit-components": "^0.0.4-alpha-3"
      }
    },
    "node_modules/@babel/runtime": {
      "version": "7.28.4",
      "resolved": "https://registry.npmjs.org/@babel/runtime/-/runtime-7.28.4.tgz",
      "integrity": "sha512-Q/N6JNWvIvPnLDvjlE1OUBLPQHH6l3CltCEsHIujp45zQUSSh8K+gHnaEX45yAT1nyngnINhvWtzN+Nb9D8RAQ==",
      "license": "MIT",
      "engines": {
        "node": ">=6.9.0"
      }
    },
    "node_modules/@types/jquery": {
      "version": "3.5.33",
      "resolved": "https://registry.npmjs.org/@types/jquery/-/jquery-3.5.33.tgz",
      "integrity": "sha512-SeyVJXlCZpEki5F0ghuYe+L+PprQta6nRZqhONt9F13dWBtR/ftoaIbdRQ7cis7womE+X2LKhsDdDtkkDhJS6g==",
      "license": "MIT",
      "dependencies": {
        "@types/sizzle": "*"
      }
    },
    "node_modules/@types/react": {
      "version": "19.2.7",
      "resolved": "https://registry.npmjs.org/@types/react/-/react-19.2.7.tgz",
      "integrity": "sha512-MWtvHrGZLFttgeEj28VXHxpmwYbor/ATPYbBfSFZEIRK0ecCFLl2Qo55z52Hss+UV9CRN7trSeq1zbgx7YDWWg==",
      "license": "MIT",
      "dependencies": {
        "csstype": "^3.2.2"
      }
    },
    "node_modules/@types/react-dom": {
      "version": "19.2.3",
      "resolved": "https://registry.npmjs.org/@types/react-dom/-/react-dom-19.2.3.tgz",
      "integrity": "sha512-jp2L/eY6fn+KgVVQAOqYItbF0VY/YApe5Mz2F0aykSO8gx31bYCZyvSeYxCHKvzHG5eZjc+zyaS5BrBWya2+kQ==",
      "license": "MIT",
      "peerDependencies": {
        "@types/react": "^19.2.0"
      }
    },
    "node_modules/@types/sizzle": {
      "version": "2.3.10",
      "resolved": "https://registry.npmjs.org/@types/sizzle/-/sizzle-2.3.10.tgz",
      "integrity": "sha512-TC0dmN0K8YcWEAEfiPi5gJP14eJe30TTGjkvek3iM/1NdHHsdCA/Td6GvNndMOo/iSnIsZ4HuuhrYPDAmbxzww==",
      "license": "MIT"
    },
    "node_modules/card-validator": {
      "version": "10.0.3",
      "resolved": "https://registry.npmjs.org/card-validator/-/card-validator-10.0.3.tgz",
      "integrity": "sha512-xOEDsK3hojV0OIpmrR64eZGpngnOqRDEP20O+WSRtvjLSW6nyekW4i2N9SzYg679uFO3RyHcFHxb+mml5tXc4A==",
      "license": "MIT",
      "dependencies": {
        "credit-card-type": "^10.0.2"
      }
    },
    "node_modules/classnames": {
      "version": "2.5.1",
      "resolved": "https://registry.npmjs.org/classnames/-/classnames-2.5.1.tgz",
      "integrity": "sha512-saHYOzhIQs6wy2sVxTM6bUDsQO4F50V9RQ22qBpEdCW+I+/Wmke2HOl6lS6dTpdxVhb88/I6+Hs+438c3lfUow==",
      "license": "MIT"
    },
    "node_modules/credit-card-type": {
      "version": "10.1.0",
      "resolved": "https://registry.npmjs.org/credit-card-type/-/credit-card-type-10.1.0.tgz",
      "integrity": "sha512-yd9ebGqWQ9zDvxrvCOkX80GiTvVJ28940uIMqRA58Cu3ReiPkOS4p45d9Y2cmJZtZgp90WdwLSiUtI8lHDgE2g==",
      "license": "MIT"
    },
    "node_modules/csstype": {
      "version": "3.2.3",
      "resolved": "https://registry.npmjs.org/csstype/-/csstype-3.2.3.tgz",
      "integrity": "sha512-z1HGKcYy2xA8AGQfwrn0PAy+PB7X/GSj3UVJW9qKyn43xWa+gl5nXmU4qqLMRzWVLFC8KusUX8T/0kCiOYpAIQ==",
      "license": "MIT"
    },
    "node_modules/i18next": {
      "version": "25.7.2",
      "resolved": "https://registry.npmjs.org/i18next/-/i18next-25.7.2.tgz",
      "integrity": "sha512-58b4kmLpLv1buWUEwegMDUqZVR5J+rT+WTRFaBGL7lxDuJQQ0NrJFrq+eT2N94aYVR1k1Sr13QITNOL88tZCuw==",
      "funding": [
        {
          "type": "individual",
          "url": "https://locize.com"
        },
        {
          "type": "individual",
          "url": "https://locize.com/i18next.html"
        },
        {
          "type": "individual",
          "url": "https://www.i18next.com/how-to/faq#i18next-is-awesome.-how-can-i-support-the-project"
        }
      ],
      "license": "MIT",
      "dependencies": {
        "@babel/runtime": "^7.28.4"
      },
      "peerDependencies": {
        "typescript": "^5"
      },
      "peerDependenciesMeta": {
        "typescript": {
          "optional": true
        }
      }
    },
    "node_modules/jquery": {
      "version": "3.7.1",
      "resolved": "https://registry.npmjs.org/jquery/-/jquery-3.7.1.tgz",
      "integrity": "sha512-m4avr8yL8kmFN8psrbFFFmB/If14iN5o9nw/NgnnM+kybDJpRsAynV2BsfpTYrTRysYUdADVD7CkUUizgkpLfg==",
      "license": "MIT"
    },
    "node_modules/libphonenumber-js": {
      "version": "1.12.31",
      "resolved": "https://registry.npmjs.org/libphonenumber-js/-/libphonenumber-js-1.12.31.tgz",
      "integrity": "sha512-Z3IhgVgrqO1S5xPYM3K5XwbkDasU67/Vys4heW+lfSBALcUZjeIIzI8zCLifY+OCzSq+fpDdywMDa7z+4srJPQ==",
      "license": "MIT"
    },
    "node_modules/preact": {
      "version": "10.28.0",
      "resolved": "https://registry.npmjs.org/preact/-/preact-10.28.0.tgz",
      "integrity": "sha512-rytDAoiXr3+t6OIP3WGlDd0ouCUG1iCWzkcY3++Nreuoi17y6T5i/zRhe6uYfoVcxq6YU+sBtJouuRDsq8vvqA==",
      "license": "MIT",
      "funding": {
        "type": "opencollective",
        "url": "https://opencollective.com/preact"
      }
    },
    "node_modules/react": {
      "version": "19.2.3",
      "resolved": "https://registry.npmjs.org/react/-/react-19.2.3.tgz",
      "integrity": "sha512-Ku/hhYbVjOQnXDZFv2+RibmLFGwFdeeKHFcOTlrt7xplBnya5OGn/hIRDsqDiSUcfORsDC7MPxwork8jBwsIWA==",
      "license": "MIT",
      "engines": {
        "node": ">=0.10.0"
      }
    },
    "node_modules/react-circle-flags": {
      "version": "0.0.24",
      "resolved": "https://registry.npmjs.org/react-circle-flags/-/react-circle-flags-0.0.24.tgz",
      "integrity": "sha512-TfdYtK+LEH2Qa+g92m0RSFaLMfSivoYZzWk5UzL4mkyaDberNBF/28BuRRFEoKaO4nShHUjCKbkwVMeWhlFjCQ==",
      "license": "MIT",
      "engines": {
        "node": ">=10"
      },
      "peerDependencies": {
        "react": "^16.0.0 || 17.x || 18.x || 19.x"
      }
    },
    "node_modules/react-dom": {
      "version": "19.2.3",
      "resolved": "https://registry.npmjs.org/react-dom/-/react-dom-19.2.3.tgz",
      "integrity": "sha512-yELu4WmLPw5Mr/lmeEpox5rw3RETacE++JgHqQzd2dg+YbJuat3jH4ingc+WPZhxaoFzdv9y33G+F7Nl5O0GBg==",
      "license": "MIT",
      "dependencies": {
        "scheduler": "^0.27.0"
      },
      "peerDependencies": {
        "react": "^19.2.3"
      }
    },
    "node_modules/scheduler": {
      "version": "0.27.0",
      "resolved": "https://registry.npmjs.org/scheduler/-/scheduler-0.27.0.tgz",
      "integrity": "sha512-eNv+WrVbKu1f3vbYJT/xtiF5syA5HPIMtf9IgY/nKg0sWqzAUEvqY/xm7OcZc/qafLx/iO9FgOmeSAp4v5ti/Q==",
      "license": "MIT"
    },
    "node_modules/tslib": {
      "version": "2.8.1",
      "resolved": "https://registry.npmjs.org/tslib/-/tslib-2.8.1.tgz",
      "integrity": "sha512-oJFu94HQb+KVduSUQL7wnpmqnfmLsOA/nAh6b6EH0wCEoK0/mPeXU6c3wKDV83MkOuHPRHtSXKKU99IBazS/2w==",
      "license": "0BSD"
    },
    "node_modules/xendit-components": {
      "version": "0.0.4-alpha-3",
      "resolved": "https://registry.npmjs.org/xendit-components/-/xendit-components-0.0.4-alpha-3.tgz",
      "integrity": "sha512-Nwf6vJIzLCIuO0JMya8gt0pmD6O+qgCvZLKW3x6STmHLt5Q7jgRC+7yP4pT3rV0PZ3onZG8qjbaEQPrh52wStg==",
      "license": "UNLICENSED",
      "dependencies": {
        "card-validator": "^10.0.3",
        "classnames": "^2.5.1",
        "credit-card-type": "^10.1.0",
        "i18next": "^25.6.3",
        "libphonenumber-js": "^1.12.29",
        "preact": "^10.27.2",
        "react-circle-flags": "^0.0.24",
        "tslib": "^2.8.1"
      }
    }
  }
}
